
Microsoft Visual Studio Solution File, Format Version 12.00
# Visual Studio 15
VisualStudioVersion = 15.0.27428.2002
MinimumVisualStudioVersion = 10.0.40219.1
Project("{FAE04EC0-301F-11D3-BF4B-00C04F79EFBC}") = "Entity_IUBAT", "Entity_IUBAT\Entity_IUBAT.csproj", "{51860F74-AD5D-49CE-A144-4ADF2F42FE96}"
EndProject
Global
	GlobalSection(SolutionConfigurationPlatforms) = preSolution
		Debug|Any CPU = Debug|Any CPU
		Release|Any CPU = Release|Any CPU
	EndGlobalSection
	GlobalSection(ProjectConfigurationPlatforms) = postSolution
		{51860F74-AD5D-49CE-A144-4ADF2F42FE96}.Debug|Any CPU.ActiveCfg = Debug|Any CPU
		{51860F74-AD5D-49CE-A144-4ADF2F42FE96}.Debug|Any CPU.Build.0 = Debug|Any CPU
		{51860F74-AD5D-49CE-A144-4ADF2F42FE96}.Release|Any CPU.ActiveCfg = Release|Any CPU
		{51860F74-AD5D-49CE-A144-4ADF2F42FE96}.Release|Any CPU.Build.0 = Release|Any CPU
	EndGlobalSection
	GlobalSection(SolutionProperties) = preSolution
		HideSolutionNode = FALSE
	EndGlobalSection
	GlobalSection(ExtensibilityGlobals) = postSolution
		SolutionGuid = {D6CDC405-3DF2-4F72-A092-5B23DD355457}
	EndGlobalSection
EndGlobal
